// !$*UTF8*$!
{
	archiveVersion = 1;
	classes = {
	};
	objectVersion = 46;
	objects = {

/* Begin PBXBuildFile section */
		9AEF4C181A7110710041B359 /* icon@3x.png in Resources */ = {isa = PBXBuildFile; fileRef = 9AEF4C121A7110710041B359 /* icon@3x.png */; };
		9AEF4C191A7110710041B359 /* icon@2x.png in Resources */ = {isa = PBXBuildFile; fileRef = 9AEF4C131A7110710041B359 /* icon@2x.png */; };
		9AEF4C1A1A7110710041B359 /* icon-2@3x.png in Resources */ = {isa = PBXBuildFile; fileRef = 9AEF4C141A7110710041B359 /* icon-2@3x.png */; };
		9AEF4C1B1A7110710041B359 /* icon-2@2x.png in Resources */ = {isa = PBXBuildFile; fileRef = 9AEF4C151A7110710041B359 /* icon-2@2x.png */; };
		9AEF4C1C1A7110710041B359 /* icon-1@3x.png in Resources */ = {isa = PBXBuildFile; fileRef = 9AEF4C161A7110710041B359 /* icon-1@3x.png */; };
		9AEF4C1D1A7110710041B359 /* icon-1@2x.png in Resources */ = {isa = PBXBuildFile; fileRef = 9AEF4C171A7110710041B359 /* icon-1@2x.png */; };
		A812E9971A5EB25C009D2410 /* RegistViewController.m in Sources */ = {isa = PBXBuildFile; fileRef = A812E9961A5EB25C009D2410 /* RegistViewController.m */; };
		A824F7A51A70BCBA005598D9 /* MYIntroductionView.m in Sources */ = {isa = PBXBuildFile; fileRef = A824F7A11A70BCBA005598D9 /* MYIntroductionView.m */; };
		A824F7A61A70BCBA005598D9 /* MYIntroductionPanel.m in Sources */ = {isa = PBXBuildFile; fileRef = A824F7A41A70BCBA005598D9 /* MYIntroductionPanel.m */; };
		A824F7BA1A70BDFC005598D9 /* background_gray@2x.png in Resources */ = {isa = PBXBuildFile; fileRef = A824F7A71A70BDFC005598D9 /* background_gray@2x.png */; };
		A824F7BB1A70BDFC005598D9 /* bg_default@3x.png in Resources */ = {isa = PBXBuildFile; fileRef = A824F7A81A70BDFC005598D9 /* bg_default@3x.png */; };
		A824F7BC1A70BDFC005598D9 /* background_gray@3x.png in Resources */ = {isa = PBXBuildFile; fileRef = A824F7A91A70BDFC005598D9 /* background_gray@3x.png */; };
		A824F7BD1A70BDFC005598D9 /* background_gray-568h@2x.png in Resources */ = {isa = PBXBuildFile; fileRef = A824F7AA1A70BDFC005598D9 /* background_gray-568h@2x.png */; };
		A824F7BE1A70BDFC005598D9 /* background_gray@1x.png in Resources */ = {isa = PBXBuildFile; fileRef = A824F7AB1A70BDFC005598D9 /* background_gray@1x.png */; };
		A824F7BF1A70BDFC005598D9 /* bg_default@2x.png in Resources */ = {isa = PBXBuildFile; fileRef = A824F7AC1A70BDFC005598D9 /* bg_default@2x.png */; };
		A824F7C01A70BDFC005598D9 /* bg_default@1x.jpg in Resources */ = {isa = PBXBuildFile; fileRef = A824F7AD1A70BDFC005598D9 /* bg_default@1x.jpg */; };
		A824F7C11A70BDFC005598D9 /* bg_default_empty@2x.png in Resources */ = {isa = PBXBuildFile; fileRef = A824F7AE1A70BDFC005598D9 /* bg_default_empty@2x.png */; };
		A824F7C21A70BDFC005598D9 /* Fzxia.png in Resources */ = {isa = PBXBuildFile; fileRef = A824F7AF1A70BDFC005598D9 /* Fzxia.png */; };
		A824F7C31A70BDFC005598D9 /* girl.png in Resources */ = {isa = PBXBuildFile; fileRef = A824F7B01A70BDFC005598D9 /* girl.png */; };
		A824F7C41A70BDFC005598D9 /* bg_gray_bottom@2x.png in Resources */ = {isa = PBXBuildFile; fileRef = A824F7B11A70BDFC005598D9 /* bg_gray_bottom@2x.png */; };
		A824F7C51A70BDFC005598D9 /* introBackground.png in Resources */ = {isa = PBXBuildFile; fileRef = A824F7B21A70BDFC005598D9 /* introBackground.png */; };
		A824F7C61A70BDFC005598D9 /* cb_glossy_on.png in Resources */ = {isa = PBXBuildFile; fileRef = A824F7B31A70BDFC005598D9 /* cb_glossy_on.png */; };
		A824F7C71A70BDFC005598D9 /* cb_glossy_on@2x.png in Resources */ = {isa = PBXBuildFile; fileRef = A824F7B41A70BDFC005598D9 /* cb_glossy_on@2x.png */; };
		A824F7C81A70BDFC005598D9 /* cb_glossy_off.png in Resources */ = {isa = PBXBuildFile; fileRef = A824F7B51A70BDFC005598D9 /* cb_glossy_off.png */; };
		A824F7C91A70BDFC005598D9 /* cb_glossy_off@2x.png in Resources */ = {isa = PBXBuildFile; fileRef = A824F7B61A70BDFC005598D9 /* cb_glossy_off@2x.png */; };
		A824F7CA1A70BDFC005598D9 /* bg_gray_middle@2x.png in Resources */ = {isa = PBXBuildFile; fileRef = A824F7B71A70BDFC005598D9 /* bg_gray_middle@2x.png */; };
		A824F7CB1A70BDFC005598D9 /* bg_gray_top@2x.png in Resources */ = {isa = PBXBuildFile; fileRef = A824F7B81A70BDFC005598D9 /* bg_gray_top@2x.png */; };
		A824F7CC1A70BDFC005598D9 /* kite@2x.png in Resources */ = {isa = PBXBuildFile; fileRef = A824F7B91A70BDFC005598D9 /* kite@2x.png */; };
		A83B03E71A6D43BA00C17502 /* Main.storyboard in Resources */ = {isa = PBXBuildFile; fileRef = A83B03E51A6D43BA00C17502 /* Main.storyboard */; };
		A83B03EA1A6D44F600C17502 /* KiteTools.m in Sources */ = {isa = PBXBuildFile; fileRef = A83B03E91A6D44F600C17502 /* KiteTools.m */; };
		A842E4821A64C88200617A9E /* LongKiteServiceViewController.m in Sources */ = {isa = PBXBuildFile; fileRef = A842E4811A64C88200617A9E /* LongKiteServiceViewController.m */; };
		A84422071A5ABF30008C7527 /* PersonalSettingViewController.m in Sources */ = {isa = PBXBuildFile; fileRef = A84422061A5ABF30008C7527 /* PersonalSettingViewController.m */; };
		A84F7BFC1A66A1390006E652 /* KeychainItemWrapper.m in Sources */ = {isa = PBXBuildFile; fileRef = A84F7BFB1A66A1390006E652 /* KeychainItemWrapper.m */; };
		A85053E91A5993E900731462 /* main.m in Sources */ = {isa = PBXBuildFile; fileRef = A85053E81A5993E900731462 /* main.m */; };
		A85053EC1A5993E900731462 /* AppDelegate.m in Sources */ = {isa = PBXBuildFile; fileRef = A85053EB1A5993E900731462 /* AppDelegate.m */; };
		A85053EF1A5993E900731462 /* ViewController.m in Sources */ = {isa = PBXBuildFile; fileRef = A85053EE1A5993E900731462 /* ViewController.m */; };
		A85053F41A5993E900731462 /* Images.xcassets in Resources */ = {isa = PBXBuildFile; fileRef = A85053F31A5993E900731462 /* Images.xcassets */; };
		A85053F71A5993E900731462 /* LaunchScreen.xib in Resources */ = {isa = PBXBuildFile; fileRef = A85053F51A5993E900731462 /* LaunchScreen.xib */; };
		A85054031A5993E900731462 /* __Tests.m in Sources */ = {isa = PBXBuildFile; fileRef = A85054021A5993E900731462 /* __Tests.m */; };
		A85E5D451A5D6B4900411FD6 /* kite.jpg in Resources */ = {isa = PBXBuildFile; fileRef = A85E5D441A5D6B4900411FD6 /* kite.jpg */; };
		A85E5D481A5D6B7100411FD6 /* KiteServiceSelectorViewController.m in Sources */ = {isa = PBXBuildFile; fileRef = A85E5D471A5D6B7100411FD6 /* KiteServiceSelectorViewController.m */; };
		A85E5D4A1A5D81A300411FD6 /* CoreGraphics.framework in Frameworks */ = {isa = PBXBuildFile; fileRef = A85E5D491A5D81A300411FD6 /* CoreGraphics.framework */; };
		A8679C721A67F93B0063020E /* blue_sky.jpg in Resources */ = {isa = PBXBuildFile; fileRef = A8679C711A67F93B0063020E /* blue_sky.jpg */; };
		A878E6C21A611F02001F981B /* ShortKiteServiceViewController.m in Sources */ = {isa = PBXBuildFile; fileRef = A878E6C11A611F02001F981B /* ShortKiteServiceViewController.m */; };
		A878E6C41A6229BC001F981B /* CoreLocation.framework in Frameworks */ = {isa = PBXBuildFile; fileRef = A878E6C31A6229BC001F981B /* CoreLocation.framework */; };
		A87A26E51A5E7FEF00512BB0 /* highsky.jpg in Resources */ = {isa = PBXBuildFile; fileRef = A87A26E41A5E7FEF00512BB0 /* highsky.jpg */; };
		A87A26E71A5E7FF800512BB0 /* lowsky.jpg in Resources */ = {isa = PBXBuildFile; fileRef = A87A26E61A5E7FF800512BB0 /* lowsky.jpg */; };
		A8811A3B1A6FC5B200C6F48B /* LogoutKiteViewController.m in Sources */ = {isa = PBXBuildFile; fileRef = A8811A3A1A6FC5B200C6F48B /* LogoutKiteViewController.m */; };
		A8811A3E1A6FD0C800C6F48B /* KiteCourseCenterViewController.m in Sources */ = {isa = PBXBuildFile; fileRef = A8811A3D1A6FD0C800C6F48B /* KiteCourseCenterViewController.m */; };
		A8811A411A6FD7CE00C6F48B /* OpenBrowserViewController.m in Sources */ = {isa = PBXBuildFile; fileRef = A8811A401A6FD7CE00C6F48B /* OpenBrowserViewController.m */; };
		A893AB3F1A69F8AB00458924 /* HYCircleLoadingView.m in Sources */ = {isa = PBXBuildFile; fileRef = A893AB3E1A69F8AB00458924 /* HYCircleLoadingView.m */; };
		A893AB411A69FFC900458924 /* bg.jpg in Resources */ = {isa = PBXBuildFile; fileRef = A893AB401A69FFC900458924 /* bg.jpg */; };
		A893AB431A6A395C00458924 /* pink-blue.jpg in Resources */ = {isa = PBXBuildFile; fileRef = A893AB421A6A395C00458924 /* pink-blue.jpg */; };
		A893AB451A6A39F800458924 /* pink.jpg in Resources */ = {isa = PBXBuildFile; fileRef = A893AB441A6A39F800458924 /* pink.jpg */; };
		A8CCE35D1A5E309F00CAEA06 /* DrawLineView.m in Sources */ = {isa = PBXBuildFile; fileRef = A8CCE35C1A5E309F00CAEA06 /* DrawLineView.m */; };
/* End PBXBuildFile section */

/* Begin PBXContainerItemProxy section */
		A85053FD1A5993E900731462 /* PBXContainerItemProxy */ = {
			isa = PBXContainerItemProxy;
			containerPortal = A85053DB1A5993E900731462 /* Project object */;
			proxyType = 1;
			remoteGlobalIDString = A85053E21A5993E900731462;
			remoteInfo = "风筝";
		};
/* End PBXContainerItemProxy section */

/* Begin PBXFileReference section */
		9AEF4C121A7110710041B359 /* icon@3x.png */ = {isa = PBXFileReference; lastKnownFileType = image.png; path = "icon@3x.png"; sourceTree = "<group>"; };
		9AEF4C131A7110710041B359 /* icon@2x.png */ = {isa = PBXFileReference; lastKnownFileType = image.png; path = "icon@2x.png"; sourceTree = "<group>"; };
		9AEF4C141A7110710041B359 /* icon-2@3x.png */ = {isa = PBXFileReference; lastKnownFileType = image.png; path = "icon-2@3x.png"; sourceTree = "<group>"; };
		9AEF4C151A7110710041B359 /* icon-2@2x.png */ = {isa = PBXFileReference; lastKnownFileType = image.png; path = "icon-2@2x.png"; sourceTree = "<group>"; };
		9AEF4C161A7110710041B359 /* icon-1@3x.png */ = {isa = PBXFileReference; lastKnownFileType = image.png; path = "icon-1@3x.png"; sourceTree = "<group>"; };
		9AEF4C171A7110710041B359 /* icon-1@2x.png */ = {isa = PBXFileReference; lastKnownFileType = image.png; path = "icon-1@2x.png"; sourceTree = "<group>"; };
		A812E9951A5EB25C009D2410 /* RegistViewController.h */ = {isa = PBXFileReference; fileEncoding = 4; lastKnownFileType = sourcecode.c.h; path = RegistViewController.h; sourceTree = "<group>"; };
		A812E9961A5EB25C009D2410 /* RegistViewController.m */ = {isa = PBXFileReference; fileEncoding = 4; lastKnownFileType = sourcecode.c.objc; path = RegistViewController.m; sourceTree = "<group>"; };
		A824F7A11A70BCBA005598D9 /* MYIntroductionView.m */ = {isa = PBXFileReference; fileEncoding = 4; lastKnownFileType = sourcecode.c.objc; path = MYIntroductionView.m; sourceTree = "<group>"; };
		A824F7A21A70BCBA005598D9 /* MYIntroductionView.h */ = {isa = PBXFileReference; fileEncoding = 4; lastKnownFileType = sourcecode.c.h; path = MYIntroductionView.h; sourceTree = "<group>"; };
		A824F7A31A70BCBA005598D9 /* MYIntroductionPanel.h */ = {isa = PBXFileReference; fileEncoding = 4; lastKnownFileType = sourcecode.c.h; path = MYIntroductionPanel.h; sourceTree = "<group>"; };
		A824F7A41A70BCBA005598D9 /* MYIntroductionPanel.m */ = {isa = PBXFileReference; fileEncoding = 4; lastKnownFileType = sourcecode.c.objc; path = MYIntroductionPanel.m; sourceTree = "<group>"; };
		A824F7A71A70BDFC005598D9 /* background_gray@2x.png */ = {isa = PBXFileReference; lastKnownFileType = image.png; path = "background_gray@2x.png"; sourceTree = "<group>"; };
		A824F7A81A70BDFC005598D9 /* bg_default@3x.png */ = {isa = PBXFileReference; lastKnownFileType = image.png; path = "bg_default@3x.png"; sourceTree = "<group>"; };
		A824F7A91A70BDFC005598D9 /* background_gray@3x.png */ = {isa = PBXFileReference; lastKnownFileType = image.png; path = "background_gray@3x.png"; sourceTree = "<group>"; };
		A824F7AA1A70BDFC005598D9 /* background_gray-568h@2x.png */ = {isa = PBXFileReference; lastKnownFileType = image.png; path = "background_gray-568h@2x.png"; sourceTree = "<group>"; };
		A824F7AB1A70BDFC005598D9 /* background_gray@1x.png */ = {isa = PBXFileReference; lastKnownFileType = image.png; path = "background_gray@1x.png"; sourceTree = "<group>"; };
		A824F7AC1A70BDFC005598D9 /* bg_default@2x.png */ = {isa = PBXFileReference; lastKnownFileType = image.png; path = "bg_default@2x.png"; sourceTree = "<group>"; };
		A824F7AD1A70BDFC005598D9 /* bg_default@1x.jpg */ = {isa = PBXFileReference; lastKnownFileType = image.jpeg; path = "bg_default@1x.jpg"; sourceTree = "<group>"; };
		A824F7AE1A70BDFC005598D9 /* bg_default_empty@2x.png */ = {isa = PBXFileReference; lastKnownFileType = image.png; path = "bg_default_empty@2x.png"; sourceTree = "<group>"; };
		A824F7AF1A70BDFC005598D9 /* Fzxia.png */ = {isa = PBXFileReference; lastKnownFileType = image.png; path = Fzxia.png; sourceTree = "<group>"; };
		A824F7B01A70BDFC005598D9 /* girl.png */ = {isa = PBXFileReference; lastKnownFileType = image.png; path = girl.png; sourceTree = "<group>"; };
		A824F7B11A70BDFC005598D9 /* bg_gray_bottom@2x.png */ = {isa = PBXFileReference; lastKnownFileType = image.png; path = "bg_gray_bottom@2x.png"; sourceTree = "<group>"; };
		A824F7B21A70BDFC005598D9 /* introBackground.png */ = {isa = PBXFileReference; lastKnownFileType = image.png; path = introBackground.png; sourceTree = "<group>"; };
		A824F7B31A70BDFC005598D9 /* cb_glossy_on.png */ = {isa = PBXFileReference; lastKnownFileType = image.png; path = cb_glossy_on.png; sourceTree = "<group>"; };
		A824F7B41A70BDFC005598D9 /* cb_glossy_on@2x.png */ = {isa = PBXFileReference; lastKnownFileType = image.png; path = "cb_glossy_on@2x.png"; sourceTree = "<group>"; };
		A824F7B51A70BDFC005598D9 /* cb_glossy_off.png */ = {isa = PBXFileReference; lastKnownFileType = image.png; path = cb_glossy_off.png; sourceTree = "<group>"; };
		A824F7B61A70BDFC005598D9 /* cb_glossy_off@2x.png */ = {isa = PBXFileReference; lastKnownFileType = image.png; path = "cb_glossy_off@2x.png"; sourceTree = "<group>"; };
		A824F7B71A70BDFC005598D9 /* bg_gray_middle@2x.png */ = {isa = PBXFileReference; lastKnownFileType = image.png; path = "bg_gray_middle@2x.png"; sourceTree = "<group>"; };
		A824F7B81A70BDFC005598D9 /* bg_gray_top@2x.png */ = {isa = PBXFileReference; lastKnownFileType = image.png; path = "bg_gray_top@2x.png"; sourceTree = "<group>"; };
		A824F7B91A70BDFC005598D9 /* kite@2x.png */ = {isa = PBXFileReference; lastKnownFileType = image.png; path = "kite@2x.png"; sourceTree = "<group>"; };
		A83B03E61A6D43BA00C17502 /* Base */ = {isa = PBXFileReference; lastKnownFileType = file.storyboard; name = Base; path = Base.lproj/Main.storyboard; sourceTree = "<group>"; };
		A83B03E81A6D44F600C17502 /* KiteTools.h */ = {isa = PBXFileReference; fileEncoding = 4; lastKnownFileType = sourcecode.c.h; path = KiteTools.h; sourceTree = "<group>"; };
		A83B03E91A6D44F600C17502 /* KiteTools.m */ = {isa = PBXFileReference; fileEncoding = 4; lastKnownFileType = sourcecode.c.objc; path = KiteTools.m; sourceTree = "<group>"; };
		A842E4801A64C88200617A9E /* LongKiteServiceViewController.h */ = {isa = PBXFileReference; fileEncoding = 4; lastKnownFileType = sourcecode.c.h; path = LongKiteServiceViewController.h; sourceTree = "<group>"; };
		A842E4811A64C88200617A9E /* LongKiteServiceViewController.m */ = {isa = PBXFileReference; fileEncoding = 4; lastKnownFileType = sourcecode.c.objc; path = LongKiteServiceViewController.m; sourceTree = "<group>"; };
		A84422051A5ABF30008C7527 /* PersonalSettingViewController.h */ = {isa = PBXFileReference; fileEncoding = 4; lastKnownFileType = sourcecode.c.h; path = PersonalSettingViewController.h; sourceTree = "<group>"; };
		A84422061A5ABF30008C7527 /* PersonalSettingViewController.m */ = {isa = PBXFileReference; fileEncoding = 4; lastKnownFileType = sourcecode.c.objc; path = PersonalSettingViewController.m; sourceTree = "<group>"; };
		A84F7BFA1A66A1390006E652 /* KeychainItemWrapper.h */ = {isa = PBXFileReference; fileEncoding = 4; lastKnownFileType = sourcecode.c.h; path = KeychainItemWrapper.h; sourceTree = "<group>"; };
		A84F7BFB1A66A1390006E652 /* KeychainItemWrapper.m */ = {isa = PBXFileReference; fileEncoding = 4; lastKnownFileType = sourcecode.c.objc; path = KeychainItemWrapper.m; sourceTree = "<group>"; };
		A85053E31A5993E900731462 /* 风筝.app */ = {isa = PBXFileReference; explicitFileType = wrapper.application; includeInIndex = 0; path = "风筝.app"; sourceTree = BUILT_PRODUCTS_DIR; };
		A85053E71A5993E900731462 /* Info.plist */ = {isa = PBXFileReference; lastKnownFileType = text.plist.xml; path = Info.plist; sourceTree = "<group>"; };
		A85053E81A5993E900731462 /* main.m */ = {isa = PBXFileReference; lastKnownFileType = sourcecode.c.objc; path = main.m; sourceTree = "<group>"; };
		A85053EA1A5993E900731462 /* AppDelegate.h */ = {isa = PBXFileReference; lastKnownFileType = sourcecode.c.h; path = AppDelegate.h; sourceTree = "<group>"; };
		A85053EB1A5993E900731462 /* AppDelegate.m */ = {isa = PBXFileReference; lastKnownFileType = sourcecode.c.objc; path = AppDelegate.m; sourceTree = "<group>"; };
		A85053ED1A5993E900731462 /* ViewController.h */ = {isa = PBXFileReference; lastKnownFileType = sourcecode.c.h; path = ViewController.h; sourceTree = "<group>"; };
		A85053EE1A5993E900731462 /* ViewController.m */ = {isa = PBXFileReference; lastKnownFileType = sourcecode.c.objc; path = ViewController.m; sourceTree = "<group>"; };
		A85053F31A5993E900731462 /* Images.xcassets */ = {isa = PBXFileReference; lastKnownFileType = folder.assetcatalog; path = Images.xcassets; sourceTree = "<group>"; };
		A85053F61A5993E900731462 /* Base */ = {isa = PBXFileReference; lastKnownFileType = file.xib; name = Base; path = Base.lproj/LaunchScreen.xib; sourceTree = "<group>"; };
		A85053FC1A5993E900731462 /* 风筝Tests.xctest */ = {isa = PBXFileReference; explicitFileType = wrapper.cfbundle; includeInIndex = 0; path = "风筝Tests.xctest"; sourceTree = BUILT_PRODUCTS_DIR; };
		A85054011A5993E900731462 /* Info.plist */ = {isa = PBXFileReference; lastKnownFileType = text.plist.xml; path = Info.plist; sourceTree = "<group>"; };
		A85054021A5993E900731462 /* __Tests.m */ = {isa = PBXFileReference; lastKnownFileType = sourcecode.c.objc; path = __Tests.m; sourceTree = "<group>"; };
		A85E5D441A5D6B4900411FD6 /* kite.jpg */ = {isa = PBXFileReference; lastKnownFileType = image.jpeg; path = kite.jpg; sourceTree = "<group>"; };
		A85E5D461A5D6B7100411FD6 /* KiteServiceSelectorViewController.h */ = {isa = PBXFileReference; fileEncoding = 4; lastKnownFileType = sourcecode.c.h; path = KiteServiceSelectorViewController.h; sourceTree = "<group>"; };
		A85E5D471A5D6B7100411FD6 /* KiteServiceSelectorViewController.m */ = {isa = PBXFileReference; fileEncoding = 4; lastKnownFileType = sourcecode.c.objc; path = KiteServiceSelectorViewController.m; sourceTree = "<group>"; };
		A85E5D491A5D81A300411FD6 /* CoreGraphics.framework */ = {isa = PBXFileReference; lastKnownFileType = wrapper.framework; name = CoreGraphics.framework; path = System/Library/Frameworks/CoreGraphics.framework; sourceTree = SDKROOT; };
		A8679C711A67F93B0063020E /* blue_sky.jpg */ = {isa = PBXFileReference; lastKnownFileType = image.jpeg; path = blue_sky.jpg; sourceTree = "<group>"; };
		A878E6C01A611F02001F981B /* ShortKiteServiceViewController.h */ = {isa = PBXFileReference; fileEncoding = 4; lastKnownFileType = sourcecode.c.h; path = ShortKiteServiceViewController.h; sourceTree = "<group>"; };
		A878E6C11A611F02001F981B /* ShortKiteServiceViewController.m */ = {isa = PBXFileReference; fileEncoding = 4; lastKnownFileType = sourcecode.c.objc; path = ShortKiteServiceViewController.m; sourceTree = "<group>"; };
		A878E6C31A6229BC001F981B /* CoreLocation.framework */ = {isa = PBXFileReference; lastKnownFileType = wrapper.framework; name = CoreLocation.framework; path = System/Library/Frameworks/CoreLocation.framework; sourceTree = SDKROOT; };
		A87A26E41A5E7FEF00512BB0 /* highsky.jpg */ = {isa = PBXFileReference; lastKnownFileType = image.jpeg; path = highsky.jpg; sourceTree = "<group>"; };
		A87A26E61A5E7FF800512BB0 /* lowsky.jpg */ = {isa = PBXFileReference; lastKnownFileType = image.jpeg; path = lowsky.jpg; sourceTree = "<group>"; };
		A8811A391A6FC5B200C6F48B /* LogoutKiteViewController.h */ = {isa = PBXFileReference; fileEncoding = 4; lastKnownFileType = sourcecode.c.h; path = LogoutKiteViewController.h; sourceTree = "<group>"; };
		A8811A3A1A6FC5B200C6F48B /* LogoutKiteViewController.m */ = {isa = PBXFileReference; fileEncoding = 4; lastKnownFileType = sourcecode.c.objc; path = LogoutKiteViewController.m; sourceTree = "<group>"; };
		A8811A3C1A6FD0C800C6F48B /* KiteCourseCenterViewController.h */ = {isa = PBXFileReference; fileEncoding = 4; lastKnownFileType = sourcecode.c.h; path = KiteCourseCenterViewController.h; sourceTree = "<group>"; };
		A8811A3D1A6FD0C800C6F48B /* KiteCourseCenterViewController.m */ = {isa = PBXFileReference; fileEncoding = 4; lastKnownFileType = sourcecode.c.objc; path = KiteCourseCenterViewController.m; sourceTree = "<group>"; };
		A8811A3F1A6FD7CE00C6F48B /* OpenBrowserViewController.h */ = {isa = PBXFileReference; fileEncoding = 4; lastKnownFileType = sourcecode.c.h; path = OpenBrowserViewController.h; sourceTree = "<group>"; };
		A8811A401A6FD7CE00C6F48B /* OpenBrowserViewController.m */ = {isa = PBXFileReference; fileEncoding = 4; lastKnownFileType = sourcecode.c.objc; path = OpenBrowserViewController.m; sourceTree = "<group>"; };
		A893AB3D1A69F8A500458924 /* HYCircleLoadingView.h */ = {isa = PBXFileReference; lastKnownFileType = sourcecode.c.h; path = HYCircleLoadingView.h; sourceTree = "<group>"; };
		A893AB3E1A69F8AB00458924 /* HYCircleLoadingView.m */ = {isa = PBXFileReference; fileEncoding = 4; lastKnownFileType = sourcecode.c.objc; path = HYCircleLoadingView.m; sourceTree = "<group>"; };
		A893AB401A69FFC900458924 /* bg.jpg */ = {isa = PBXFileReference; lastKnownFileType = image.jpeg; path = bg.jpg; sourceTree = "<group>"; };
		A893AB421A6A395C00458924 /* pink-blue.jpg */ = {isa = PBXFileReference; lastKnownFileType = image.jpeg; path = "pink-blue.jpg"; sourceTree = "<group>"; };
		A893AB441A6A39F800458924 /* pink.jpg */ = {isa = PBXFileReference; lastKnownFileType = image.jpeg; path = pink.jpg; sourceTree = "<group>"; };
		A8CCE35B1A5E309F00CAEA06 /* DrawLineView.h */ = {isa = PBXFileReference; fileEncoding = 4; lastKnownFileType = sourcecode.c.h; path = DrawLineView.h; sourceTree = "<group>"; };
		A8CCE35C1A5E309F00CAEA06 /* DrawLineView.m */ = {isa = PBXFileReference; fileEncoding = 4; lastKnownFileType = sourcecode.c.objc; path = DrawLineView.m; sourceTree = "<group>"; };
/* End PBXFileReference section */

/* Begin PBXFrameworksBuildPhase section */
		A85053E01A5993E900731462 /* Frameworks */ = {
			isa = PBXFrameworksBuildPhase;
			buildActionMask = 2147483647;
			files = (
				A878E6C41A6229BC001F981B /* CoreLocation.framework in Frameworks */,
				A85E5D4A1A5D81A300411FD6 /* CoreGraphics.framework in Frameworks */,
			);
			runOnlyForDeploymentPostprocessing = 0;
		};
		A85053F91A5993E900731462 /* Frameworks */ = {
			isa = PBXFrameworksBuildPhase;
			buildActionMask = 2147483647;
			files = (
			);
			runOnlyForDeploymentPostprocessing = 0;
		};
/* End PBXFrameworksBuildPhase section */

/* Begin PBXGroup section */
		A812E9941A5EB228009D2410 /* RegisterController */ = {
			isa = PBXGroup;
			children = (
				A812E9951A5EB25C009D2410 /* RegistViewController.h */,
				A812E9961A5EB25C009D2410 /* RegistViewController.m */,
			);
			name = RegisterController;
			sourceTree = "<group>";
		};
		A84F7BF91A66A1280006E652 /* KeyChainItemWrapper */ = {
			isa = PBXGroup;
			children = (
				A84F7BFA1A66A1390006E652 /* KeychainItemWrapper.h */,
				A84F7BFB1A66A1390006E652 /* KeychainItemWrapper.m */,
			);
			name = KeyChainItemWrapper;
			sourceTree = "<group>";
		};
		A85053DA1A5993E900731462 = {
			isa = PBXGroup;
			children = (
				A878E6C31A6229BC001F981B /* CoreLocation.framework */,
				A85E5D491A5D81A300411FD6 /* CoreGraphics.framework */,
				A85053E51A5993E900731462 /* 风筝 */,
				A85053FF1A5993E900731462 /* 风筝Tests */,
				A85053E41A5993E900731462 /* Products */,
			);
			sourceTree = "<group>";
		};
		A85053E41A5993E900731462 /* Products */ = {
			isa = PBXGroup;
			children = (
				A85053E31A5993E900731462 /* 风筝.app */,
				A85053FC1A5993E900731462 /* 风筝Tests.xctest */,
			);
			name = Products;
			sourceTree = "<group>";
		};
		A85053E51A5993E900731462 /* 风筝 */ = {
			isa = PBXGroup;
			children = (
				A83B03E51A6D43BA00C17502 /* Main.storyboard */,
				A8679C6D1A67D7550063020E /* lib */,
				A84F7BF91A66A1280006E652 /* KeyChainItemWrapper */,
				A878E6BF1A611EDA001F981B /* KiteServiceCollection */,
				A812E9941A5EB228009D2410 /* RegisterController */,
				A85053EA1A5993E900731462 /* AppDelegate.h */,
				A85053EB1A5993E900731462 /* AppDelegate.m */,
				A85053ED1A5993E900731462 /* ViewController.h */,
				A85053EE1A5993E900731462 /* ViewController.m */,
				A85053F31A5993E900731462 /* Images.xcassets */,
				A85053F51A5993E900731462 /* LaunchScreen.xib */,
				A85053E61A5993E900731462 /* Supporting Files */,
				A84422051A5ABF30008C7527 /* PersonalSettingViewController.h */,
				A84422061A5ABF30008C7527 /* PersonalSettingViewController.m */,
				A85E5D461A5D6B7100411FD6 /* KiteServiceSelectorViewController.h */,
				A85E5D471A5D6B7100411FD6 /* KiteServiceSelectorViewController.m */,
				A8CCE35B1A5E309F00CAEA06 /* DrawLineView.h */,
				A8CCE35C1A5E309F00CAEA06 /* DrawLineView.m */,
				A83B03E81A6D44F600C17502 /* KiteTools.h */,
				A83B03E91A6D44F600C17502 /* KiteTools.m */,
				A8811A391A6FC5B200C6F48B /* LogoutKiteViewController.h */,
				A8811A3A1A6FC5B200C6F48B /* LogoutKiteViewController.m */,
				A8811A3C1A6FD0C800C6F48B /* KiteCourseCenterViewController.h */,
				A8811A3D1A6FD0C800C6F48B /* KiteCourseCenterViewController.m */,
				A8811A3F1A6FD7CE00C6F48B /* OpenBrowserViewController.h */,
				A8811A401A6FD7CE00C6F48B /* OpenBrowserViewController.m */,
			);
			path = "风筝";
			sourceTree = "<group>";
		};
		A85053E61A5993E900731462 /* Supporting Files */ = {
			isa = PBXGroup;
			children = (
				A824F7A71A70BDFC005598D9 /* background_gray@2x.png */,
				A824F7A81A70BDFC005598D9 /* bg_default@3x.png */,
				A824F7A91A70BDFC005598D9 /* background_gray@3x.png */,
				A824F7AA1A70BDFC005598D9 /* background_gray-568h@2x.png */,
				A824F7AB1A70BDFC005598D9 /* background_gray@1x.png */,
				9AEF4C121A7110710041B359 /* icon@3x.png */,
				9AEF4C131A7110710041B359 /* icon@2x.png */,
				9AEF4C141A7110710041B359 /* icon-2@3x.png */,
				9AEF4C151A7110710041B359 /* icon-2@2x.png */,
				9AEF4C161A7110710041B359 /* icon-1@3x.png */,
				9AEF4C171A7110710041B359 /* icon-1@2x.png */,
				A824F7AC1A70BDFC005598D9 /* bg_default@2x.png */,
				A824F7AD1A70BDFC005598D9 /* bg_default@1x.jpg */,
				A824F7AE1A70BDFC005598D9 /* bg_default_empty@2x.png */,
				A824F7AF1A70BDFC005598D9 /* Fzxia.png */,
				A824F7B01A70BDFC005598D9 /* girl.png */,
				A824F7B11A70BDFC005598D9 /* bg_gray_bottom@2x.png */,
				A824F7B21A70BDFC005598D9 /* introBackground.png */,
				A824F7B31A70BDFC005598D9 /* cb_glossy_on.png */,
				A824F7B41A70BDFC005598D9 /* cb_glossy_on@2x.png */,
				A824F7B51A70BDFC005598D9 /* cb_glossy_off.png */,
				A824F7B61A70BDFC005598D9 /* cb_glossy_off@2x.png */,
				A824F7B71A70BDFC005598D9 /* bg_gray_middle@2x.png */,
				A824F7B81A70BDFC005598D9 /* bg_gray_top@2x.png */,
				A824F7B91A70BDFC005598D9 /* kite@2x.png */,
				A893AB441A6A39F800458924 /* pink.jpg */,
				A893AB421A6A395C00458924 /* pink-blue.jpg */,
				A893AB401A69FFC900458924 /* bg.jpg */,
				A8679C711A67F93B0063020E /* blue_sky.jpg */,
				A87A26E61A5E7FF800512BB0 /* lowsky.jpg */,
				A87A26E41A5E7FEF00512BB0 /* highsky.jpg */,
				A85E5D441A5D6B4900411FD6 /* kite.jpg */,
				A85053E71A5993E900731462 /* Info.plist */,
				A85053E81A5993E900731462 /* main.m */,
			);
			name = "Supporting Files";
			sourceTree = "<group>";
		};
		A85053FF1A5993E900731462 /* 风筝Tests */ = {
			isa = PBXGroup;
			children = (
				A85054021A5993E900731462 /* __Tests.m */,
				A85054001A5993E900731462 /* Supporting Files */,
			);
			path = "风筝Tests";
			sourceTree = "<group>";
		};
		A85054001A5993E900731462 /* Supporting Files */ = {
			isa = PBXGroup;
			children = (
				A85054011A5993E900731462 /* Info.plist */,
			);
			name = "Supporting Files";
			sourceTree = "<group>";
		};
		A8679C6D1A67D7550063020E /* lib */ = {
			isa = PBXGroup;
			children = (
				A824F7A11A70BCBA005598D9 /* MYIntroductionView.m */,
				A824F7A21A70BCBA005598D9 /* MYIntroductionView.h */,
				A824F7A31A70BCBA005598D9 /* MYIntroductionPanel.h */,
				A824F7A41A70BCBA005598D9 /* MYIntroductionPanel.m */,
				A893AB3E1A69F8AB00458924 /* HYCircleLoadingView.m */,
				A893AB3D1A69F8A500458924 /* HYCircleLoadingView.h */,
			);
			name = lib;
			sourceTree = "<group>";
		};
		A878E6BF1A611EDA001F981B /* KiteServiceCollection */ = {
			isa = PBXGroup;
			children = (
				A878E6C01A611F02001F981B /* ShortKiteServiceViewController.h */,
				A878E6C11A611F02001F981B /* ShortKiteServiceViewController.m */,
				A842E4801A64C88200617A9E /* LongKiteServiceViewController.h */,
				A842E4811A64C88200617A9E /* LongKiteServiceViewController.m */,
			);
			name = KiteServiceCollection;
			sourceTree = "<group>";
		};
/* End PBXGroup section */

/* Begin PBXNativeTarget section */
		A85053E21A5993E900731462 /* 风筝 */ = {
			isa = PBXNativeTarget;
			buildConfigurationList = A85054061A5993E900731462 /* Build configuration list for PBXNativeTarget "风筝" */;
			buildPhases = (
				A85053DF1A5993E900731462 /* Sources */,
				A85053E01A5993E900731462 /* Frameworks */,
				A85053E11A5993E900731462 /* Resources */,
			);
			buildRules = (
			);
			dependencies = (
			);
			name = "风筝";
			productName = "风筝";
			productReference = A85053E31A5993E900731462 /* 风筝.app */;
			productType = "com.apple.product-type.application";
		};
		A85053FB1A5993E900731462 /* 风筝Tests */ = {
			isa = PBXNativeTarget;
			buildConfigurationList = A85054091A5993E900731462 /* Build configuration list for PBXNativeTarget "风筝Tests" */;
			buildPhases = (
				A85053F81A5993E900731462 /* Sources */,
				A85053F91A5993E900731462 /* Frameworks */,
				A85053FA1A5993E900731462 /* Resources */,
			);
			buildRules = (
			);
			dependencies = (
				A85053FE1A5993E900731462 /* PBXTargetDependency */,
			);
			name = "风筝Tests";
			productName = "风筝Tests";
			productReference = A85053FC1A5993E900731462 /* 风筝Tests.xctest */;
			productType = "com.apple.product-type.bundle.unit-test";
		};
/* End PBXNativeTarget section */

/* Begin PBXProject section */
		A85053DB1A5993E900731462 /* Project object */ = {
			isa = PBXProject;
			attributes = {
				LastUpgradeCheck = 0610;
				ORGANIZATIONNAME = VaniLi;
				TargetAttributes = {
					A85053E21A5993E900731462 = {
						CreatedOnToolsVersion = 6.1.1;
					};
					A85053FB1A5993E900731462 = {
						CreatedOnToolsVersion = 6.1.1;
						TestTargetID = A85053E21A5993E900731462;
					};
				};
			};
			buildConfigurationList = A85053DE1A5993E900731462 /* Build configuration list for PBXProject "风筝" */;
			compatibilityVersion = "Xcode 3.2";
			developmentRegion = English;
			hasScannedForEncodings = 0;
			knownRegions = (
				en,
				Base,
			);
			mainGroup = A85053DA1A5993E900731462;
			productRefGroup = A85053E41A5993E900731462 /* Products */;
			projectDirPath = "";
			projectRoot = "";
			targets = (
				A85053E21A5993E900731462 /* 风筝 */,
				A85053FB1A5993E900731462 /* 风筝Tests */,
			);
		};
/* End PBXProject section */

/* Begin PBXResourcesBuildPhase section */
		A85053E11A5993E900731462 /* Resources */ = {
			isa = PBXResourcesBuildPhase;
			buildActionMask = 2147483647;
			files = (
				A824F7CB1A70BDFC005598D9 /* bg_gray_top@2x.png in Resources */,
				A85E5D451A5D6B4900411FD6 /* kite.jpg in Resources */,
				9AEF4C181A7110710041B359 /* icon@3x.png in Resources */,
				A824F7C31A70BDFC005598D9 /* girl.png in Resources */,
				A824F7C51A70BDFC005598D9 /* introBackground.png in Resources */,
				A83B03E71A6D43BA00C17502 /* Main.storyboard in Resources */,
				A824F7BD1A70BDFC005598D9 /* background_gray-568h@2x.png in Resources */,
				A893AB451A6A39F800458924 /* pink.jpg in Resources */,
				A87A26E51A5E7FEF00512BB0 /* highsky.jpg in Resources */,
				A893AB431A6A395C00458924 /* pink-blue.jpg in Resources */,
				9AEF4C1C1A7110710041B359 /* icon-1@3x.png in Resources */,
				9AEF4C191A7110710041B359 /* icon@2x.png in Resources */,
				A824F7CC1A70BDFC005598D9 /* kite@2x.png in Resources */,
				A85053F71A5993E900731462 /* LaunchScreen.xib in Resources */,
				A824F7C71A70BDFC005598D9 /* cb_glossy_on@2x.png in Resources */,
				A824F7BA1A70BDFC005598D9 /* background_gray@2x.png in Resources */,
				A87A26E71A5E7FF800512BB0 /* lowsky.jpg in Resources */,
				A824F7BB1A70BDFC005598D9 /* bg_default@3x.png in Resources */,
				A824F7BE1A70BDFC005598D9 /* background_gray@1x.png in Resources */,
				A824F7C81A70BDFC005598D9 /* cb_glossy_off.png in Resources */,
				9AEF4C1A1A7110710041B359 /* icon-2@3x.png in Resources */,
				A824F7C21A70BDFC005598D9 /* Fzxia.png in Resources */,
				A824F7BF1A70BDFC005598D9 /* bg_default@2x.png in Resources */,
				A8679C721A67F93B0063020E /* blue_sky.jpg in Resources */,
				A824F7C01A70BDFC005598D9 /* bg_default@1x.jpg in Resources */,
				A824F7BC1A70BDFC005598D9 /* background_gray@3x.png in Resources */,
				A824F7C11A70BDFC005598D9 /* bg_default_empty@2x.png in Resources */,
				A893AB411A69FFC900458924 /* bg.jpg in Resources */,
				9AEF4C1B1A7110710041B359 /* icon-2@2x.png in Resources */,
				A824F7C91A70BDFC005598D9 /* cb_glossy_off@2x.png in Resources */,
				A85053F41A5993E900731462 /* Images.xcassets in Resources */,
				9AEF4C1D1A7110710041B359 /* icon-1@2x.png in Resources */,
				A824F7C61A70BDFC005598D9 /* cb_glossy_on.png in Resources */,
				A824F7CA1A70BDFC005598D9 /* bg_gray_middle@2x.png in Resources */,
				A824F7C41A70BDFC005598D9 /* bg_gray_bottom@2x.png in Resources */,
			);
			runOnlyForDeploymentPostprocessing = 0;
		};
		A85053FA1A5993E900731462 /* Resources */ = {
			isa = PBXResourcesBuildPhase;
			buildActionMask = 2147483647;
			files = (
			);
			runOnlyForDeploymentPostprocessing = 0;
		};
/* End PBXResourcesBuildPhase section */

/* Begin PBXSourcesBuildPhase section */
		A85053DF1A5993E900731462 /* Sources */ = {
			isa = PBXSourcesBuildPhase;
			buildActionMask = 2147483647;
			files = (
				A8811A3E1A6FD0C800C6F48B /* KiteCourseCenterViewController.m in Sources */,
				A878E6C21A611F02001F981B /* ShortKiteServiceViewController.m in Sources */,
				A824F7A51A70BCBA005598D9 /* MYIntroductionView.m in Sources */,
				A85E5D481A5D6B7100411FD6 /* KiteServiceSelectorViewController.m in Sources */,
				A893AB3F1A69F8AB00458924 /* HYCircleLoadingView.m in Sources */,
				A812E9971A5EB25C009D2410 /* RegistViewController.m in Sources */,
				A83B03EA1A6D44F600C17502 /* KiteTools.m in Sources */,
				A8811A3B1A6FC5B200C6F48B /* LogoutKiteViewController.m in Sources */,
				A85053EF1A5993E900731462 /* ViewController.m in Sources */,
				A842E4821A64C88200617A9E /* LongKiteServiceViewController.m in Sources */,
				A8CCE35D1A5E309F00CAEA06 /* DrawLineView.m in Sources */,
				A824F7A61A70BCBA005598D9 /* MYIntroductionPanel.m in Sources */,
				A8811A411A6FD7CE00C6F48B /* OpenBrowserViewController.m in Sources */,
				A85053EC1A5993E900731462 /* AppDelegate.m in Sources */,
				A85053E91A5993E900731462 /* main.m in Sources */,
				A84F7BFC1A66A1390006E652 /* KeychainItemWrapper.m in Sources */,
				A84422071A5ABF30008C7527 /* PersonalSettingViewController.m in Sources */,
			);
			runOnlyForDeploymentPostprocessing = 0;
		};
		A85053F81A5993E900731462 /* Sources */ = {
			isa = PBXSourcesBuildPhase;
			buildActionMask = 2147483647;
			files = (
				A85054031A5993E900731462 /* __Tests.m in Sources */,
			);
			runOnlyForDeploymentPostprocessing = 0;
		};
/* End PBXSourcesBuildPhase section */

/* Begin PBXTargetDependency section */
		A85053FE1A5993E900731462 /* PBXTargetDependency */ = {
			isa = PBXTargetDependency;
			target = A85053E21A5993E900731462 /* 风筝 */;
			targetProxy = A85053FD1A5993E900731462 /* PBXContainerItemProxy */;
		};
/* End PBXTargetDependency section */

/* Begin PBXVariantGroup section */
		A83B03E51A6D43BA00C17502 /* Main.storyboard */ = {
			isa = PBXVariantGroup;
			children = (
				A83B03E61A6D43BA00C17502 /* Base */,
			);
			name = Main.storyboard;
			sourceTree = "<group>";
		};
		A85053F51A5993E900731462 /* LaunchScreen.xib */ = {
			isa = PBXVariantGroup;
			children = (
				A85053F61A5993E900731462 /* Base */,
			);
			name = LaunchScreen.xib;
			sourceTree = "<group>";
		};
/* End PBXVariantGroup section */

/* Begin XCBuildConfiguration section */
		A85054041A5993E900731462 /* Debug */ = {
			isa = XCBuildConfiguration;
			buildSettings = {
				ALWAYS_SEARCH_USER_PATHS = NO;
				CLANG_CXX_LANGUAGE_STANDARD = "gnu++0x";
				CLANG_CXX_LIBRARY = "libc++";
				CLANG_ENABLE_MODULES = YES;
				CLANG_ENABLE_OBJC_ARC = YES;
				CLANG_WARN_BOOL_CONVERSION = YES;
				CLANG_WARN_CONSTANT_CONVERSION = YES;
				CLANG_WARN_DIRECT_OBJC_ISA_USAGE = YES_ERROR;
				CLANG_WARN_EMPTY_BODY = YES;
				CLANG_WARN_ENUM_CONVERSION = YES;
				CLANG_WARN_INT_CONVERSION = YES;
				CLANG_WARN_OBJC_ROOT_CLASS = YES_ERROR;
				CLANG_WARN_UNREACHABLE_CODE = YES;
				CLANG_WARN__DUPLICATE_METHOD_MATCH = YES;
				"CODE_SIGN_IDENTITY[sdk=iphoneos*]" = "iPhone Developer";
				COPY_PHASE_STRIP = NO;
				ENABLE_STRICT_OBJC_MSGSEND = YES;
				GCC_C_LANGUAGE_STANDARD = gnu99;
				GCC_DYNAMIC_NO_PIC = NO;
				GCC_OPTIMIZATION_LEVEL = 0;
				GCC_PREPROCESSOR_DEFINITIONS = (
					"DEBUG=1",
					"$(inherited)",
				);
				GCC_SYMBOLS_PRIVATE_EXTERN = NO;
				GCC_WARN_64_TO_32_BIT_CONVERSION = YES;
				GCC_WARN_ABOUT_RETURN_TYPE = YES_ERROR;
				GCC_WARN_UNDECLARED_SELECTOR = YES;
				GCC_WARN_UNINITIALIZED_AUTOS = YES_AGGRESSIVE;
				GCC_WARN_UNUSED_FUNCTION = YES;
				GCC_WARN_UNUSED_VARIABLE = YES;
				IPHONEOS_DEPLOYMENT_TARGET = 8.1;
				MTL_ENABLE_DEBUG_INFO = YES;
				ONLY_ACTIVE_ARCH = YES;
				SDKROOT = iphoneos;
				TARGETED_DEVICE_FAMILY = 1;
			};
			name = Debug;
		};
		A85054051A5993E900731462 /* Release */ = {
			isa = XCBuildConfiguration;
			buildSettings = {
				ALWAYS_SEARCH_USER_PATHS = NO;
				CLANG_CXX_LANGUAGE_STANDARD = "gnu++0x";
				CLANG_CXX_LIBRARY = "libc++";
				CLANG_ENABLE_MODULES = YES;
				CLANG_ENABLE_OBJC_ARC = YES;
				CLANG_WARN_BOOL_CONVERSION = YES;
				CLANG_WARN_CONSTANT_CONVERSION = YES;
				CLANG_WARN_DIRECT_OBJC_ISA_USAGE = YES_ERROR;
				CLANG_WARN_EMPTY_BODY = YES;
				CLANG_WARN_ENUM_CONVERSION = YES;
				CLANG_WARN_INT_CONVERSION = YES;
				CLANG_WARN_OBJC_ROOT_CLASS = YES_ERROR;
				CLANG_WARN_UNREACHABLE_CODE = YES;
				CLANG_WARN__DUPLICATE_METHOD_MATCH = YES;
				"CODE_SIGN_IDENTITY[sdk=iphoneos*]" = "iPhone Developer";
				COPY_PHASE_STRIP = YES;
				ENABLE_NS_ASSERTIONS = NO;
				ENABLE_STRICT_OBJC_MSGSEND = YES;
				GCC_C_LANGUAGE_STANDARD = gnu99;
				GCC_WARN_64_TO_32_BIT_CONVERSION = YES;
				GCC_WARN_ABOUT_RETURN_TYPE = YES_ERROR;
				GCC_WARN_UNDECLARED_SELECTOR = YES;
				GCC_WARN_UNINITIALIZED_AUTOS = YES_AGGRESSIVE;
				GCC_WARN_UNUSED_FUNCTION = YES;
				GCC_WARN_UNUSED_VARIABLE = YES;
				IPHONEOS_DEPLOYMENT_TARGET = 8.1;
				MTL_ENABLE_DEBUG_INFO = NO;
				SDKROOT = iphoneos;
				TARGETED_DEVICE_FAMILY = 1;
				VALIDATE_PRODUCT = YES;
			};
			name = Release;
		};
		A85054071A5993E900731462 /* Debug */ = {
			isa = XCBuildConfiguration;
			buildSettings = {
				ASSETCATALOG_COMPILER_APPICON_NAME = AppIcon;
				INFOPLIST_FILE = "风筝/Info.plist";
				LD_RUNPATH_SEARCH_PATHS = "$(inherited) @executable_path/Frameworks";
				PRODUCT_NAME = "$(TARGET_NAME)";
			};
			name = Debug;
		};
		A85054081A5993E900731462 /* Release */ = {
			isa = XCBuildConfiguration;
			buildSettings = {
				ASSETCATALOG_COMPILER_APPICON_NAME = AppIcon;
				INFOPLIST_FILE = "风筝/Info.plist";
				LD_RUNPATH_SEARCH_PATHS = "$(inherited) @executable_path/Frameworks";
				PRODUCT_NAME = "$(TARGET_NAME)";
			};
			name = Release;
		};
		A850540A1A5993E900731462 /* Debug */ = {
			isa = XCBuildConfiguration;
			buildSettings = {
				BUNDLE_LOADER = "$(TEST_HOST)";
				FRAMEWORK_SEARCH_PATHS = (
					"$(SDKROOT)/Developer/Library/Frameworks",
					"$(inherited)",
				);
				GCC_PREPROCESSOR_DEFINITIONS = (
					"DEBUG=1",
					"$(inherited)",
				);
				INFOPLIST_FILE = "风筝Tests/Info.plist";
				LD_RUNPATH_SEARCH_PATHS = "$(inherited) @executable_path/Frameworks @loader_path/Frameworks";
				PRODUCT_NAME = "$(TARGET_NAME)";
				TEST_HOST = "$(BUILT_PRODUCTS_DIR)/风筝.app/风筝";
			};
			name = Debug;
		};
		A850540B1A5993E900731462 /* Release */ = {
			isa = XCBuildConfiguration;
			buildSettings = {
				BUNDLE_LOADER = "$(TEST_HOST)";
				FRAMEWORK_SEARCH_PATHS = (
					"$(SDKROOT)/Developer/Library/Frameworks",
					"$(inherited)",
				);
				INFOPLIST_FILE = "风筝Tests/Info.plist";
				LD_RUNPATH_SEARCH_PATHS = "$(inherited) @executable_path/Frameworks @loader_path/Frameworks";
				PRODUCT_NAME = "$(TARGET_NAME)";
				TEST_HOST = "$(BUILT_PRODUCTS_DIR)/风筝.app/风筝";
			};
			name = Release;
		};
/* End XCBuildConfiguration section */

/* Begin XCConfigurationList section */
		A85053DE1A5993E900731462 /* Build configuration list for PBXProject "风筝" */ = {
			isa = XCConfigurationList;
			buildConfigurations = (
				A85054041A5993E900731462 /* Debug */,
				A85054051A5993E900731462 /* Release */,
			);
			defaultConfigurationIsVisible = 0;
			defaultConfigurationName = Release;
		};
		A85054061A5993E900731462 /* Build configuration list for PBXNativeTarget "风筝" */ = {
			isa = XCConfigurationList;
			buildConfigurations = (
				A85054071A5993E900731462 /* Debug */,
				A85054081A5993E900731462 /* Release */,
			);
			defaultConfigurationIsVisible = 0;
			defaultConfigurationName = Release;
		};
		A85054091A5993E900731462 /* Build configuration list for PBXNativeTarget "风筝Tests" */ = {
			isa = XCConfigurationList;
			buildConfigurations = (
				A850540A1A5993E900731462 /* Debug */,
				A850540B1A5993E900731462 /* Release */,
			);
			defaultConfigurationIsVisible = 0;
			defaultConfigurationName = Release;
		};
/* End XCConfigurationList section */
	};
	rootObject = A85053DB1A5993E900731462 /* Project object */;
}
